
Microsoft Visual Studio Solution File, Format Version 12.00
# Visual Studio Version 17
VisualStudioVersion = 17.11.35312.102
MinimumVisualStudioVersion = 10.0.40219.1
Project("{FAE04EC0-301F-11D3-BF4B-00C04F79EFBC}") = "Manager", "Manager.csproj", "{AC6ABB9A-A87C-411A-BE97-5E45D4EDF811}"
EndProject
Global
	GlobalSection(SolutionConfigurationPlatforms) = preSolution
		Debug|Any CPU = Debug|Any CPU
		Release|Any CPU = Release|Any CPU
	EndGlobalSection
	GlobalSection(ProjectConfigurationPlatforms) = postSolution
		{AC6ABB9A-A87C-411A-BE97-5E45D4EDF811}.Debug|Any CPU.ActiveCfg = Debug|Any CPU
		{AC6ABB9A-A87C-411A-BE97-5E45D4EDF811}.Debug|Any CPU.Build.0 = Debug|Any CPU
		{AC6ABB9A-A87C-411A-BE97-5E45D4EDF811}.Release|Any CPU.ActiveCfg = Release|Any CPU
		{AC6ABB9A-A87C-411A-BE97-5E45D4EDF811}.Release|Any CPU.Build.0 = Release|Any CPU
	EndGlobalSection
	GlobalSection(SolutionProperties) = preSolution
		HideSolutionNode = FALSE
	EndGlobalSection
	GlobalSection(ExtensibilityGlobals) = postSolution
		SolutionGuid = {072FCF7B-FFA0-48ED-989C-6E9D37CE4A98}
	EndGlobalSection
EndGlobal
